
Microsoft Visual Studio Solution File, Format Version 12.00
Project("{FAE04EC0-301F-11D3-BF4B-00C04F79EFBC}") = "SmallPractices", "SmallPractices\SmallPractices.csproj", "{D5E14731-6C03-4D07-A4DA-68A690ECE470}"
EndProject
Project("{FAE04EC0-301F-11D3-BF4B-00C04F79EFBC}") = "PracticeOpenClosedPrinciple", "PracticeOpenClosedPrinciple\PracticeOpenClosedPrinciple.csproj", "{3187F535-00E7-4DFE-B6C9-567B4C4DD697}"
EndProject
Global
	GlobalSection(SolutionConfigurationPlatforms) = preSolution
		Debug|Any CPU = Debug|Any CPU
		Release|Any CPU = Release|Any CPU
	EndGlobalSection
	GlobalSection(ProjectConfigurationPlatforms) = postSolution
		{D5E14731-6C03-4D07-A4DA-68A690ECE470}.Debug|Any CPU.ActiveCfg = Debug|Any CPU
		{D5E14731-6C03-4D07-A4DA-68A690ECE470}.Debug|Any CPU.Build.0 = Debug|Any CPU
		{D5E14731-6C03-4D07-A4DA-68A690ECE470}.Release|Any CPU.ActiveCfg = Release|Any CPU
		{D5E14731-6C03-4D07-A4DA-68A690ECE470}.Release|Any CPU.Build.0 = Release|Any CPU
		{3187F535-00E7-4DFE-B6C9-567B4C4DD697}.Debug|Any CPU.ActiveCfg = Debug|Any CPU
		{3187F535-00E7-4DFE-B6C9-567B4C4DD697}.Debug|Any CPU.Build.0 = Debug|Any CPU
		{3187F535-00E7-4DFE-B6C9-567B4C4DD697}.Release|Any CPU.ActiveCfg = Release|Any CPU
		{3187F535-00E7-4DFE-B6C9-567B4C4DD697}.Release|Any CPU.Build.0 = Release|Any CPU
	EndGlobalSection
EndGlobal
