
Microsoft Visual Studio Solution File, Format Version 12.00
Project("{FAE04EC0-301F-11D3-BF4B-00C04F79EFBC}") = "SmallPractices", "SmallPractices\SmallPractices.csproj", "{D5E14731-6C03-4D07-A4DA-68A690ECE470}"
EndProject
Project("{FAE04EC0-301F-11D3-BF4B-00C04F79EFBC}") = "DecoratorPattern", "DecoratorPattern\DecoratorPattern.csproj", "{10C6B999-FD7A-486E-BE1E-7338B2162C7A}"
EndProject
Project("{FAE04EC0-301F-11D3-BF4B-00C04F79EFBC}") = "PracticeApi", "PracticeApi\PracticeApi.csproj", "{7562FE82-3A34-45C3-B613-D342E006A3D1}"
EndProject
Project("{FAE04EC0-301F-11D3-BF4B-00C04F79EFBC}") = "TimeStopCalculatorAlgorithm", "TimeStopCalculatorAlgorithm\TimeStopCalculatorAlgorithm.csproj", "{EEFC3470-A30F-4D9B-8B54-AAA3340738F3}"
EndProject
Project("{FAE04EC0-301F-11D3-BF4B-00C04F79EFBC}") = "CancelationTokens", "CancelationTokens\CancelationTokens.csproj", "{62320906-21BE-43BC-8FDF-737CA4B99844}"
EndProject
Project("{FAE04EC0-301F-11D3-BF4B-00C04F79EFBC}") = "PracticeOpenClosedPrinciple", "PracticeOpenClosedPrinciple\PracticeOpenClosedPrinciple.csproj", "{5736C2B2-3D30-4417-82F8-528DA8DF783B}"
EndProject
Project("{FAE04EC0-301F-11D3-BF4B-00C04F79EFBC}") = "CQRS", "CQRS\CQRS.csproj", "{3E34432E-C1A5-4ED8-B844-3152C460B5CF}"
EndProject
Project("{FAE04EC0-301F-11D3-BF4B-00C04F79EFBC}") = "DelegatesAndFunc", "DelegatesAndFunc\DelegatesAndFunc.csproj", "{BAECC2B3-0D20-463E-B218-2E405CED60C6}"
EndProject
Project("{FAE04EC0-301F-11D3-BF4B-00C04F79EFBC}") = "Reflection", "Reflection\Reflection.csproj", "{CCA7FBAB-19D4-4510-9C20-B4147692AD4B}"
EndProject
Project("{FAE04EC0-301F-11D3-BF4B-00C04F79EFBC}") = "DynamicTypes", "DynamicTypes\DynamicTypes.csproj", "{2653DBF3-8BAE-473F-90F6-475FA65A0782}"
EndProject
Global
	GlobalSection(SolutionConfigurationPlatforms) = preSolution
		Debug|Any CPU = Debug|Any CPU
		Release|Any CPU = Release|Any CPU
	EndGlobalSection
	GlobalSection(ProjectConfigurationPlatforms) = postSolution
		{D5E14731-6C03-4D07-A4DA-68A690ECE470}.Debug|Any CPU.ActiveCfg = Debug|Any CPU
		{D5E14731-6C03-4D07-A4DA-68A690ECE470}.Debug|Any CPU.Build.0 = Debug|Any CPU
		{D5E14731-6C03-4D07-A4DA-68A690ECE470}.Release|Any CPU.ActiveCfg = Release|Any CPU
		{D5E14731-6C03-4D07-A4DA-68A690ECE470}.Release|Any CPU.Build.0 = Release|Any CPU
		{10C6B999-FD7A-486E-BE1E-7338B2162C7A}.Debug|Any CPU.ActiveCfg = Debug|Any CPU
		{10C6B999-FD7A-486E-BE1E-7338B2162C7A}.Debug|Any CPU.Build.0 = Debug|Any CPU
		{10C6B999-FD7A-486E-BE1E-7338B2162C7A}.Release|Any CPU.ActiveCfg = Release|Any CPU
		{10C6B999-FD7A-486E-BE1E-7338B2162C7A}.Release|Any CPU.Build.0 = Release|Any CPU
		{7562FE82-3A34-45C3-B613-D342E006A3D1}.Debug|Any CPU.ActiveCfg = Debug|Any CPU
		{7562FE82-3A34-45C3-B613-D342E006A3D1}.Debug|Any CPU.Build.0 = Debug|Any CPU
		{7562FE82-3A34-45C3-B613-D342E006A3D1}.Release|Any CPU.ActiveCfg = Release|Any CPU
		{7562FE82-3A34-45C3-B613-D342E006A3D1}.Release|Any CPU.Build.0 = Release|Any CPU
		{EEFC3470-A30F-4D9B-8B54-AAA3340738F3}.Debug|Any CPU.ActiveCfg = Debug|Any CPU
		{EEFC3470-A30F-4D9B-8B54-AAA3340738F3}.Debug|Any CPU.Build.0 = Debug|Any CPU
		{EEFC3470-A30F-4D9B-8B54-AAA3340738F3}.Release|Any CPU.ActiveCfg = Release|Any CPU
		{EEFC3470-A30F-4D9B-8B54-AAA3340738F3}.Release|Any CPU.Build.0 = Release|Any CPU
		{62320906-21BE-43BC-8FDF-737CA4B99844}.Debug|Any CPU.ActiveCfg = Debug|Any CPU
		{62320906-21BE-43BC-8FDF-737CA4B99844}.Debug|Any CPU.Build.0 = Debug|Any CPU
		{62320906-21BE-43BC-8FDF-737CA4B99844}.Release|Any CPU.ActiveCfg = Release|Any CPU
		{62320906-21BE-43BC-8FDF-737CA4B99844}.Release|Any CPU.Build.0 = Release|Any CPU
		{5736C2B2-3D30-4417-82F8-528DA8DF783B}.Debug|Any CPU.ActiveCfg = Debug|Any CPU
		{5736C2B2-3D30-4417-82F8-528DA8DF783B}.Debug|Any CPU.Build.0 = Debug|Any CPU
		{5736C2B2-3D30-4417-82F8-528DA8DF783B}.Release|Any CPU.ActiveCfg = Release|Any CPU
		{5736C2B2-3D30-4417-82F8-528DA8DF783B}.Release|Any CPU.Build.0 = Release|Any CPU
		{3E34432E-C1A5-4ED8-B844-3152C460B5CF}.Debug|Any CPU.ActiveCfg = Debug|Any CPU
		{3E34432E-C1A5-4ED8-B844-3152C460B5CF}.Debug|Any CPU.Build.0 = Debug|Any CPU
		{3E34432E-C1A5-4ED8-B844-3152C460B5CF}.Release|Any CPU.ActiveCfg = Release|Any CPU
		{3E34432E-C1A5-4ED8-B844-3152C460B5CF}.Release|Any CPU.Build.0 = Release|Any CPU
		{BAECC2B3-0D20-463E-B218-2E405CED60C6}.Debug|Any CPU.ActiveCfg = Debug|Any CPU
		{BAECC2B3-0D20-463E-B218-2E405CED60C6}.Debug|Any CPU.Build.0 = Debug|Any CPU
		{BAECC2B3-0D20-463E-B218-2E405CED60C6}.Release|Any CPU.ActiveCfg = Release|Any CPU
		{BAECC2B3-0D20-463E-B218-2E405CED60C6}.Release|Any CPU.Build.0 = Release|Any CPU
		{CCA7FBAB-19D4-4510-9C20-B4147692AD4B}.Debug|Any CPU.ActiveCfg = Debug|Any CPU
		{CCA7FBAB-19D4-4510-9C20-B4147692AD4B}.Debug|Any CPU.Build.0 = Debug|Any CPU
		{CCA7FBAB-19D4-4510-9C20-B4147692AD4B}.Release|Any CPU.ActiveCfg = Release|Any CPU
		{CCA7FBAB-19D4-4510-9C20-B4147692AD4B}.Release|Any CPU.Build.0 = Release|Any CPU
		{2653DBF3-8BAE-473F-90F6-475FA65A0782}.Debug|Any CPU.ActiveCfg = Debug|Any CPU
		{2653DBF3-8BAE-473F-90F6-475FA65A0782}.Debug|Any CPU.Build.0 = Debug|Any CPU
		{2653DBF3-8BAE-473F-90F6-475FA65A0782}.Release|Any CPU.ActiveCfg = Release|Any CPU
		{2653DBF3-8BAE-473F-90F6-475FA65A0782}.Release|Any CPU.Build.0 = Release|Any CPU
	EndGlobalSection
EndGlobal
